
Microsoft Visual Studio Solution File, Format Version 12.00
# Visual Studio Version 17
VisualStudioVersion = 17.13.35931.197 d17.13
MinimumVisualStudioVersion = 10.0.40219.1
Project("{FAE04EC0-301F-11D3-BF4B-00C04F79EFBC}") = "statisticRequest", "statisticRequest\statisticRequest.csproj", "{1108FC75-B905-4ADB-8598-23685B10B7D9}"
EndProject
Global
	GlobalSection(SolutionConfigurationPlatforms) = preSolution
		Debug|Any CPU = Debug|Any CPU
		Release|Any CPU = Release|Any CPU
	EndGlobalSection
	GlobalSection(ProjectConfigurationPlatforms) = postSolution
		{1108FC75-B905-4ADB-8598-23685B10B7D9}.Debug|Any CPU.ActiveCfg = Debug|Any CPU
		{1108FC75-B905-4ADB-8598-23685B10B7D9}.Debug|Any CPU.Build.0 = Debug|Any CPU
		{1108FC75-B905-4ADB-8598-23685B10B7D9}.Release|Any CPU.ActiveCfg = Release|Any CPU
		{1108FC75-B905-4ADB-8598-23685B10B7D9}.Release|Any CPU.Build.0 = Release|Any CPU
	EndGlobalSection
	GlobalSection(SolutionProperties) = preSolution
		HideSolutionNode = FALSE
	EndGlobalSection
	GlobalSection(ExtensibilityGlobals) = postSolution
		SolutionGuid = {F35743DE-EBD3-492C-B8DB-C9E64A142E5F}
	EndGlobalSection
EndGlobal
